
Microsoft Visual Studio Solution File, Format Version 12.00
Project("{FAE04EC0-301F-11D3-BF4B-00C04F79EFBC}") = "FuncPtrTests", "FuncPtrTests\FuncPtrTests.csproj", "{29D69497-4BDC-4E31-AE6A-7186C05B2C53}"
EndProject
Global
	GlobalSection(SolutionConfigurationPlatforms) = preSolution
		Debug|Any CPU = Debug|Any CPU
		Release|Any CPU = Release|Any CPU
	EndGlobalSection
	GlobalSection(ProjectConfigurationPlatforms) = postSolution
		{29D69497-4BDC-4E31-AE6A-7186C05B2C53}.Debug|Any CPU.ActiveCfg = Debug|Any CPU
		{29D69497-4BDC-4E31-AE6A-7186C05B2C53}.Debug|Any CPU.Build.0 = Debug|Any CPU
		{29D69497-4BDC-4E31-AE6A-7186C05B2C53}.Release|Any CPU.ActiveCfg = Release|Any CPU
		{29D69497-4BDC-4E31-AE6A-7186C05B2C53}.Release|Any CPU.Build.0 = Release|Any CPU
	EndGlobalSection
EndGlobal
